
Microsoft Visual Studio Solution File, Format Version 12.00
# Visual Studio Version 16
VisualStudioVersion = 16.0.30011.22
MinimumVisualStudioVersion = 10.0.40219.1
Project("{FAE04EC0-301F-11D3-BF4B-00C04F79EFBC}") = "AccessLibliary", "AccessLibliary\AccessLibliary.csproj", "{3A4E607B-3599-4AA2-9DE2-022FC48C6B2B}"
EndProject
Project("{FAE04EC0-301F-11D3-BF4B-00C04F79EFBC}") = "ExternalAccessLibliary", "ExternalAccessLibliary\ExternalAccessLibliary.csproj", "{28A38BB6-F407-4FAF-9083-5D2B18142403}"
EndProject
Project("{FAE04EC0-301F-11D3-BF4B-00C04F79EFBC}") = "FriendlyAccessLibliary", "FriendlyAccessLibliary\FriendlyAccessLibliary.csproj", "{A9FFA830-70DA-41F6-B6DB-446D29A46A57}"
EndProject
Project("{2150E333-8FDC-42A3-9474-1A3956D46DE8}") = "Part 6 Visibility of types", "Part 6 Visibility of types", "{471EB977-3C24-4DE9-9A2C-87CD59395C85}"
EndProject
Project("{2150E333-8FDC-42A3-9474-1A3956D46DE8}") = "Part 5 Primitive, Referential, Value Types", "Part 5 Primitive, Referential, Value Types", "{65DE79E6-561C-42BA-BE25-3C52B97AAA75}"
EndProject
Project("{FAE04EC0-301F-11D3-BF4B-00C04F79EFBC}") = "Types", "PrimitiveTypes\Types.csproj", "{6154C31C-5BDD-479B-99CE-79942B7E18BF}"
EndProject
Project("{2150E333-8FDC-42A3-9474-1A3956D46DE8}") = "Part 26 Threads", "Part 26 Threads", "{DF8C6F2B-DA62-4B43-B00E-BF6217ABFBE1}"
EndProject
Project("{2150E333-8FDC-42A3-9474-1A3956D46DE8}") = "Block 2", "Block 2", "{B95D5F5C-3934-4CDB-BDF5-42FFD5B69E87}"
EndProject
Project("{2150E333-8FDC-42A3-9474-1A3956D46DE8}") = "Block 0", "Block 0", "{5314DF90-D216-43B6-84A2-4653DB14099A}"
EndProject
Project("{FAE04EC0-301F-11D3-BF4B-00C04F79EFBC}") = "Description", "Description\Description.csproj", "{03A28303-86BF-42E9-99E1-EEDCE102F356}"
EndProject
Project("{2150E333-8FDC-42A3-9474-1A3956D46DE8}") = "Block 1", "Block 1", "{24FBED65-9CC7-4486-80D3-49828FDC71EE}"
EndProject
Project("{2150E333-8FDC-42A3-9474-1A3956D46DE8}") = "Part 19 NullableValueTypes", "Part 19 NullableValueTypes", "{BAB89D91-0267-4231-A757-364EA1F69397}"
EndProject
Project("{FAE04EC0-301F-11D3-BF4B-00C04F79EFBC}") = "NullableValueTypes", "NullableValueTypes\NullableValueTypes.csproj", "{E504BB25-C862-48D3-AF4F-152528823823}"
EndProject
Project("{2150E333-8FDC-42A3-9474-1A3956D46DE8}") = "Part 27 AsyncOperaton", "Part 27 AsyncOperaton", "{1794F000-4937-4DA4-8219-8365FA0B4E45}"
EndProject
Project("{FAE04EC0-301F-11D3-BF4B-00C04F79EFBC}") = "SimpleAsyncOperation", "SimpleAsyncOperation\SimpleAsyncOperation.csproj", "{9A6DE8E5-109D-4718-90F1-3882068E68B1}"
EndProject
Project("{FAE04EC0-301F-11D3-BF4B-00C04F79EFBC}") = "SampleCancelationToken", "SampleCancelationToken\SampleCancelationToken.csproj", "{36630DFE-E3FA-4188-A95A-FF24CF8003F0}"
EndProject
Project("{FAE04EC0-301F-11D3-BF4B-00C04F79EFBC}") = "SampleLinkedCancelationToken", "SampleLinkedCancelationToken\SampleLinkedCancelationToken.csproj", "{C7BF1F79-EDC0-40D4-A4BC-36A5EEE31125}"
EndProject
Global
	GlobalSection(SolutionConfigurationPlatforms) = preSolution
		Debug|Any CPU = Debug|Any CPU
		Release|Any CPU = Release|Any CPU
	EndGlobalSection
	GlobalSection(ProjectConfigurationPlatforms) = postSolution
		{3A4E607B-3599-4AA2-9DE2-022FC48C6B2B}.Debug|Any CPU.ActiveCfg = Debug|Any CPU
		{3A4E607B-3599-4AA2-9DE2-022FC48C6B2B}.Debug|Any CPU.Build.0 = Debug|Any CPU
		{3A4E607B-3599-4AA2-9DE2-022FC48C6B2B}.Release|Any CPU.ActiveCfg = Release|Any CPU
		{3A4E607B-3599-4AA2-9DE2-022FC48C6B2B}.Release|Any CPU.Build.0 = Release|Any CPU
		{28A38BB6-F407-4FAF-9083-5D2B18142403}.Debug|Any CPU.ActiveCfg = Debug|Any CPU
		{28A38BB6-F407-4FAF-9083-5D2B18142403}.Debug|Any CPU.Build.0 = Debug|Any CPU
		{28A38BB6-F407-4FAF-9083-5D2B18142403}.Release|Any CPU.ActiveCfg = Release|Any CPU
		{28A38BB6-F407-4FAF-9083-5D2B18142403}.Release|Any CPU.Build.0 = Release|Any CPU
		{A9FFA830-70DA-41F6-B6DB-446D29A46A57}.Debug|Any CPU.ActiveCfg = Debug|Any CPU
		{A9FFA830-70DA-41F6-B6DB-446D29A46A57}.Debug|Any CPU.Build.0 = Debug|Any CPU
		{A9FFA830-70DA-41F6-B6DB-446D29A46A57}.Release|Any CPU.ActiveCfg = Release|Any CPU
		{A9FFA830-70DA-41F6-B6DB-446D29A46A57}.Release|Any CPU.Build.0 = Release|Any CPU
		{6154C31C-5BDD-479B-99CE-79942B7E18BF}.Debug|Any CPU.ActiveCfg = Debug|Any CPU
		{6154C31C-5BDD-479B-99CE-79942B7E18BF}.Debug|Any CPU.Build.0 = Debug|Any CPU
		{6154C31C-5BDD-479B-99CE-79942B7E18BF}.Release|Any CPU.ActiveCfg = Release|Any CPU
		{6154C31C-5BDD-479B-99CE-79942B7E18BF}.Release|Any CPU.Build.0 = Release|Any CPU
		{03A28303-86BF-42E9-99E1-EEDCE102F356}.Debug|Any CPU.ActiveCfg = Debug|Any CPU
		{03A28303-86BF-42E9-99E1-EEDCE102F356}.Debug|Any CPU.Build.0 = Debug|Any CPU
		{03A28303-86BF-42E9-99E1-EEDCE102F356}.Release|Any CPU.ActiveCfg = Release|Any CPU
		{03A28303-86BF-42E9-99E1-EEDCE102F356}.Release|Any CPU.Build.0 = Release|Any CPU
		{E504BB25-C862-48D3-AF4F-152528823823}.Debug|Any CPU.ActiveCfg = Debug|Any CPU
		{E504BB25-C862-48D3-AF4F-152528823823}.Debug|Any CPU.Build.0 = Debug|Any CPU
		{E504BB25-C862-48D3-AF4F-152528823823}.Release|Any CPU.ActiveCfg = Release|Any CPU
		{E504BB25-C862-48D3-AF4F-152528823823}.Release|Any CPU.Build.0 = Release|Any CPU
		{9A6DE8E5-109D-4718-90F1-3882068E68B1}.Debug|Any CPU.ActiveCfg = Debug|Any CPU
		{9A6DE8E5-109D-4718-90F1-3882068E68B1}.Debug|Any CPU.Build.0 = Debug|Any CPU
		{9A6DE8E5-109D-4718-90F1-3882068E68B1}.Release|Any CPU.ActiveCfg = Release|Any CPU
		{9A6DE8E5-109D-4718-90F1-3882068E68B1}.Release|Any CPU.Build.0 = Release|Any CPU
		{36630DFE-E3FA-4188-A95A-FF24CF8003F0}.Debug|Any CPU.ActiveCfg = Debug|Any CPU
		{36630DFE-E3FA-4188-A95A-FF24CF8003F0}.Debug|Any CPU.Build.0 = Debug|Any CPU
		{36630DFE-E3FA-4188-A95A-FF24CF8003F0}.Release|Any CPU.ActiveCfg = Release|Any CPU
		{36630DFE-E3FA-4188-A95A-FF24CF8003F0}.Release|Any CPU.Build.0 = Release|Any CPU
		{C7BF1F79-EDC0-40D4-A4BC-36A5EEE31125}.Debug|Any CPU.ActiveCfg = Debug|Any CPU
		{C7BF1F79-EDC0-40D4-A4BC-36A5EEE31125}.Debug|Any CPU.Build.0 = Debug|Any CPU
		{C7BF1F79-EDC0-40D4-A4BC-36A5EEE31125}.Release|Any CPU.ActiveCfg = Release|Any CPU
		{C7BF1F79-EDC0-40D4-A4BC-36A5EEE31125}.Release|Any CPU.Build.0 = Release|Any CPU
	EndGlobalSection
	GlobalSection(SolutionProperties) = preSolution
		HideSolutionNode = FALSE
	EndGlobalSection
	GlobalSection(NestedProjects) = preSolution
		{3A4E607B-3599-4AA2-9DE2-022FC48C6B2B} = {471EB977-3C24-4DE9-9A2C-87CD59395C85}
		{28A38BB6-F407-4FAF-9083-5D2B18142403} = {471EB977-3C24-4DE9-9A2C-87CD59395C85}
		{A9FFA830-70DA-41F6-B6DB-446D29A46A57} = {471EB977-3C24-4DE9-9A2C-87CD59395C85}
		{471EB977-3C24-4DE9-9A2C-87CD59395C85} = {5314DF90-D216-43B6-84A2-4653DB14099A}
		{65DE79E6-561C-42BA-BE25-3C52B97AAA75} = {5314DF90-D216-43B6-84A2-4653DB14099A}
		{6154C31C-5BDD-479B-99CE-79942B7E18BF} = {65DE79E6-561C-42BA-BE25-3C52B97AAA75}
		{DF8C6F2B-DA62-4B43-B00E-BF6217ABFBE1} = {B95D5F5C-3934-4CDB-BDF5-42FFD5B69E87}
		{03A28303-86BF-42E9-99E1-EEDCE102F356} = {DF8C6F2B-DA62-4B43-B00E-BF6217ABFBE1}
		{BAB89D91-0267-4231-A757-364EA1F69397} = {24FBED65-9CC7-4486-80D3-49828FDC71EE}
		{E504BB25-C862-48D3-AF4F-152528823823} = {BAB89D91-0267-4231-A757-364EA1F69397}
		{1794F000-4937-4DA4-8219-8365FA0B4E45} = {B95D5F5C-3934-4CDB-BDF5-42FFD5B69E87}
		{9A6DE8E5-109D-4718-90F1-3882068E68B1} = {1794F000-4937-4DA4-8219-8365FA0B4E45}
		{36630DFE-E3FA-4188-A95A-FF24CF8003F0} = {1794F000-4937-4DA4-8219-8365FA0B4E45}
		{C7BF1F79-EDC0-40D4-A4BC-36A5EEE31125} = {1794F000-4937-4DA4-8219-8365FA0B4E45}
	EndGlobalSection
	GlobalSection(ExtensibilityGlobals) = postSolution
		SolutionGuid = {B69B9F8B-2E29-4786-BA29-37EF9F2855F1}
	EndGlobalSection
EndGlobal
