
Microsoft Visual Studio Solution File, Format Version 12.00
# Visual Studio Version 16
VisualStudioVersion = 16.0.30011.22
MinimumVisualStudioVersion = 10.0.40219.1
Project("{FAE04EC0-301F-11D3-BF4B-00C04F79EFBC}") = "AccessLibliary", "AccessLibliary\AccessLibliary.csproj", "{3A4E607B-3599-4AA2-9DE2-022FC48C6B2B}"
EndProject
Project("{FAE04EC0-301F-11D3-BF4B-00C04F79EFBC}") = "ExternalAccessLibliary", "ExternalAccessLibliary\ExternalAccessLibliary.csproj", "{28A38BB6-F407-4FAF-9083-5D2B18142403}"
EndProject
Project("{FAE04EC0-301F-11D3-BF4B-00C04F79EFBC}") = "FriendlyAccessLibliary", "FriendlyAccessLibliary\FriendlyAccessLibliary.csproj", "{A9FFA830-70DA-41F6-B6DB-446D29A46A57}"
EndProject
Project("{2150E333-8FDC-42A3-9474-1A3956D46DE8}") = "Part 6 Visibility of types", "Part 6 Visibility of types", "{471EB977-3C24-4DE9-9A2C-87CD59395C85}"
EndProject
Project("{2150E333-8FDC-42A3-9474-1A3956D46DE8}") = "Part 5 Primitive, Referential, Value Types", "Part 5 Primitive, Referential, Value Types", "{65DE79E6-561C-42BA-BE25-3C52B97AAA75}"
EndProject
Project("{FAE04EC0-301F-11D3-BF4B-00C04F79EFBC}") = "Types", "PrimitiveTypes\Types.csproj", "{6154C31C-5BDD-479B-99CE-79942B7E18BF}"
EndProject
Global
	GlobalSection(SolutionConfigurationPlatforms) = preSolution
		Debug|Any CPU = Debug|Any CPU
		Release|Any CPU = Release|Any CPU
	EndGlobalSection
	GlobalSection(ProjectConfigurationPlatforms) = postSolution
		{3A4E607B-3599-4AA2-9DE2-022FC48C6B2B}.Debug|Any CPU.ActiveCfg = Debug|Any CPU
		{3A4E607B-3599-4AA2-9DE2-022FC48C6B2B}.Debug|Any CPU.Build.0 = Debug|Any CPU
		{3A4E607B-3599-4AA2-9DE2-022FC48C6B2B}.Release|Any CPU.ActiveCfg = Release|Any CPU
		{3A4E607B-3599-4AA2-9DE2-022FC48C6B2B}.Release|Any CPU.Build.0 = Release|Any CPU
		{28A38BB6-F407-4FAF-9083-5D2B18142403}.Debug|Any CPU.ActiveCfg = Debug|Any CPU
		{28A38BB6-F407-4FAF-9083-5D2B18142403}.Debug|Any CPU.Build.0 = Debug|Any CPU
		{28A38BB6-F407-4FAF-9083-5D2B18142403}.Release|Any CPU.ActiveCfg = Release|Any CPU
		{28A38BB6-F407-4FAF-9083-5D2B18142403}.Release|Any CPU.Build.0 = Release|Any CPU
		{A9FFA830-70DA-41F6-B6DB-446D29A46A57}.Debug|Any CPU.ActiveCfg = Debug|Any CPU
		{A9FFA830-70DA-41F6-B6DB-446D29A46A57}.Debug|Any CPU.Build.0 = Debug|Any CPU
		{A9FFA830-70DA-41F6-B6DB-446D29A46A57}.Release|Any CPU.ActiveCfg = Release|Any CPU
		{A9FFA830-70DA-41F6-B6DB-446D29A46A57}.Release|Any CPU.Build.0 = Release|Any CPU
		{6154C31C-5BDD-479B-99CE-79942B7E18BF}.Debug|Any CPU.ActiveCfg = Debug|Any CPU
		{6154C31C-5BDD-479B-99CE-79942B7E18BF}.Debug|Any CPU.Build.0 = Debug|Any CPU
		{6154C31C-5BDD-479B-99CE-79942B7E18BF}.Release|Any CPU.ActiveCfg = Release|Any CPU
		{6154C31C-5BDD-479B-99CE-79942B7E18BF}.Release|Any CPU.Build.0 = Release|Any CPU
	EndGlobalSection
	GlobalSection(SolutionProperties) = preSolution
		HideSolutionNode = FALSE
	EndGlobalSection
	GlobalSection(NestedProjects) = preSolution
		{3A4E607B-3599-4AA2-9DE2-022FC48C6B2B} = {471EB977-3C24-4DE9-9A2C-87CD59395C85}
		{28A38BB6-F407-4FAF-9083-5D2B18142403} = {471EB977-3C24-4DE9-9A2C-87CD59395C85}
		{A9FFA830-70DA-41F6-B6DB-446D29A46A57} = {471EB977-3C24-4DE9-9A2C-87CD59395C85}
		{6154C31C-5BDD-479B-99CE-79942B7E18BF} = {65DE79E6-561C-42BA-BE25-3C52B97AAA75}
	EndGlobalSection
	GlobalSection(ExtensibilityGlobals) = postSolution
		SolutionGuid = {B69B9F8B-2E29-4786-BA29-37EF9F2855F1}
	EndGlobalSection
EndGlobal
